
Microsoft Visual Studio Solution File, Format Version 12.00
# Visual Studio Version 16
VisualStudioVersion = 16.0.30907.101
MinimumVisualStudioVersion = 10.0.40219.1
Project("{FAE04EC0-301F-11D3-BF4B-00C04F79EFBC}") = "Hackaton", "Hackaton\Hackaton.csproj", "{863948D9-366D-45BB-9EEE-52ADF3C26C8A}"
EndProject
Global
	GlobalSection(SolutionConfigurationPlatforms) = preSolution
		Debug|Any CPU = Debug|Any CPU
		Release|Any CPU = Release|Any CPU
	EndGlobalSection
	GlobalSection(ProjectConfigurationPlatforms) = postSolution
		{863948D9-366D-45BB-9EEE-52ADF3C26C8A}.Debug|Any CPU.ActiveCfg = Debug|Any CPU
		{863948D9-366D-45BB-9EEE-52ADF3C26C8A}.Debug|Any CPU.Build.0 = Debug|Any CPU
		{863948D9-366D-45BB-9EEE-52ADF3C26C8A}.Release|Any CPU.ActiveCfg = Release|Any CPU
		{863948D9-366D-45BB-9EEE-52ADF3C26C8A}.Release|Any CPU.Build.0 = Release|Any CPU
	EndGlobalSection
	GlobalSection(SolutionProperties) = preSolution
		HideSolutionNode = FALSE
	EndGlobalSection
	GlobalSection(ExtensibilityGlobals) = postSolution
		SolutionGuid = {3BA6E7FE-A059-4D4C-B0AE-12D2AD5C5224}
	EndGlobalSection
EndGlobal
